
Microsoft Visual Studio Solution File, Format Version 12.00
# Visual Studio 15
VisualStudioVersion = 15.0.28307.1622
MinimumVisualStudioVersion = 10.0.40219.1
Project("{FAE04EC0-301F-11D3-BF4B-00C04F79EFBC}") = "Hexagon.Game.Tennis", "Hexagon.Game.Tennis\Hexagon.Game.Tennis.csproj", "{D2D3F2D7-DFAA-4EB7-9ABE-B1D1704DDE3A}"
EndProject
Project("{FAE04EC0-301F-11D3-BF4B-00C04F79EFBC}") = "Hexagon.Game.Tennis.Domain", "Hexagon.Game.Tennis.Domain\Hexagon.Game.Tennis.Domain.csproj", "{6FD254F1-B1AE-427F-8158-89413251B4A2}"
EndProject
Project("{FAE04EC0-301F-11D3-BF4B-00C04F79EFBC}") = "Hexagon.Game.Tennis.Persistence", "Hexagon.Game.Tennis.Persistence\Hexagon.Game.Tennis.Persistence.csproj", "{DC4AFD08-B43B-48C7-BA57-C1E5C2827D64}"
EndProject
Project("{FAE04EC0-301F-11D3-BF4B-00C04F79EFBC}") = "Hexagon.Game.Framework", "Hexagon.Game.Framework\Hexagon.Game.Framework.csproj", "{3049AA40-C9A4-4282-86DF-145391A99E2B}"
EndProject
Project("{FAE04EC0-301F-11D3-BF4B-00C04F79EFBC}") = "Hexagon.Game.Tennis.Entity", "Hexagon.Game.Tennis.Entity\Hexagon.Game.Tennis.Entity.csproj", "{D6ACEE5F-64B5-46C2-91AA-CFC5552E9CA0}"
EndProject
Project("{FAE04EC0-301F-11D3-BF4B-00C04F79EFBC}") = "Hexagon.Game.Tennis.Test", "Hexagon.Game.Tennis.Test\Hexagon.Game.Tennis.Test.csproj", "{8CFEECB8-27C9-4FFE-A0CF-A918AAC6F2A3}"
EndProject
Project("{FAE04EC0-301F-11D3-BF4B-00C04F79EFBC}") = "Hexagon.Game.Tennis.Persistence.Test", "Hexagon.Game.Tennis.Persistence.Test\Hexagon.Game.Tennis.Persistence.Test.csproj", "{602638E4-72D3-4506-A3B0-42751AD11BF9}"
EndProject
Global
	GlobalSection(SolutionConfigurationPlatforms) = preSolution
		Debug|Any CPU = Debug|Any CPU
		Release|Any CPU = Release|Any CPU
	EndGlobalSection
	GlobalSection(ProjectConfigurationPlatforms) = postSolution
		{D2D3F2D7-DFAA-4EB7-9ABE-B1D1704DDE3A}.Debug|Any CPU.ActiveCfg = Debug|Any CPU
		{D2D3F2D7-DFAA-4EB7-9ABE-B1D1704DDE3A}.Debug|Any CPU.Build.0 = Debug|Any CPU
		{D2D3F2D7-DFAA-4EB7-9ABE-B1D1704DDE3A}.Release|Any CPU.ActiveCfg = Release|Any CPU
		{D2D3F2D7-DFAA-4EB7-9ABE-B1D1704DDE3A}.Release|Any CPU.Build.0 = Release|Any CPU
		{6FD254F1-B1AE-427F-8158-89413251B4A2}.Debug|Any CPU.ActiveCfg = Debug|Any CPU
		{6FD254F1-B1AE-427F-8158-89413251B4A2}.Debug|Any CPU.Build.0 = Debug|Any CPU
		{6FD254F1-B1AE-427F-8158-89413251B4A2}.Release|Any CPU.ActiveCfg = Release|Any CPU
		{6FD254F1-B1AE-427F-8158-89413251B4A2}.Release|Any CPU.Build.0 = Release|Any CPU
		{DC4AFD08-B43B-48C7-BA57-C1E5C2827D64}.Debug|Any CPU.ActiveCfg = Debug|Any CPU
		{DC4AFD08-B43B-48C7-BA57-C1E5C2827D64}.Debug|Any CPU.Build.0 = Debug|Any CPU
		{DC4AFD08-B43B-48C7-BA57-C1E5C2827D64}.Release|Any CPU.ActiveCfg = Release|Any CPU
		{DC4AFD08-B43B-48C7-BA57-C1E5C2827D64}.Release|Any CPU.Build.0 = Release|Any CPU
		{3049AA40-C9A4-4282-86DF-145391A99E2B}.Debug|Any CPU.ActiveCfg = Debug|Any CPU
		{3049AA40-C9A4-4282-86DF-145391A99E2B}.Debug|Any CPU.Build.0 = Debug|Any CPU
		{3049AA40-C9A4-4282-86DF-145391A99E2B}.Release|Any CPU.ActiveCfg = Release|Any CPU
		{3049AA40-C9A4-4282-86DF-145391A99E2B}.Release|Any CPU.Build.0 = Release|Any CPU
		{D6ACEE5F-64B5-46C2-91AA-CFC5552E9CA0}.Debug|Any CPU.ActiveCfg = Debug|Any CPU
		{D6ACEE5F-64B5-46C2-91AA-CFC5552E9CA0}.Debug|Any CPU.Build.0 = Debug|Any CPU
		{D6ACEE5F-64B5-46C2-91AA-CFC5552E9CA0}.Release|Any CPU.ActiveCfg = Release|Any CPU
		{D6ACEE5F-64B5-46C2-91AA-CFC5552E9CA0}.Release|Any CPU.Build.0 = Release|Any CPU
		{8CFEECB8-27C9-4FFE-A0CF-A918AAC6F2A3}.Debug|Any CPU.ActiveCfg = Debug|Any CPU
		{8CFEECB8-27C9-4FFE-A0CF-A918AAC6F2A3}.Debug|Any CPU.Build.0 = Debug|Any CPU
		{8CFEECB8-27C9-4FFE-A0CF-A918AAC6F2A3}.Release|Any CPU.ActiveCfg = Release|Any CPU
		{8CFEECB8-27C9-4FFE-A0CF-A918AAC6F2A3}.Release|Any CPU.Build.0 = Release|Any CPU
		{602638E4-72D3-4506-A3B0-42751AD11BF9}.Debug|Any CPU.ActiveCfg = Debug|Any CPU
		{602638E4-72D3-4506-A3B0-42751AD11BF9}.Debug|Any CPU.Build.0 = Debug|Any CPU
		{602638E4-72D3-4506-A3B0-42751AD11BF9}.Release|Any CPU.ActiveCfg = Release|Any CPU
		{602638E4-72D3-4506-A3B0-42751AD11BF9}.Release|Any CPU.Build.0 = Release|Any CPU
	EndGlobalSection
	GlobalSection(SolutionProperties) = preSolution
		HideSolutionNode = FALSE
	EndGlobalSection
	GlobalSection(ExtensibilityGlobals) = postSolution
		SolutionGuid = {C3AA93FA-D4C2-4C8B-8F3E-04E3DA034192}
	EndGlobalSection
EndGlobal
